// !$*UTF8*$!
{
	archiveVersion = 1;
	classes = {
	};
	objectVersion = 46;
	objects = {

/* Begin PBXBuildFile section */
		290F1FB31A7D3C5C002C0BE6 /* CCubedApp.cpp in Sources */ = {isa = PBXBuildFile; fileRef = 290F1FB11A7D3C5C002C0BE6 /* CCubedApp.cpp */; };
		290F1FB41A7D3E5D002C0BE6 /* libcef_dll_wrapper.a in Frameworks */ = {isa = PBXBuildFile; fileRef = 745C4E7E1A7D245A00812197 /* libcef_dll_wrapper.a */; };
		290F1FBC1A7D4075002C0BE6 /* AppKit.framework in Frameworks */ = {isa = PBXBuildFile; fileRef = 290F1FBB1A7D4075002C0BE6 /* AppKit.framework */; };
		745C4E5D1A7D142600812197 /* AppDelegate.mm in Sources */ = {isa = PBXBuildFile; fileRef = 745C4E5C1A7D142600812197 /* AppDelegate.mm */; };
		745C4E5F1A7D142600812197 /* main.mm in Sources */ = {isa = PBXBuildFile; fileRef = 745C4E5E1A7D142600812197 /* main.mm */; };
		745C4E611A7D142600812197 /* Images.xcassets in Resources */ = {isa = PBXBuildFile; fileRef = 745C4E601A7D142600812197 /* Images.xcassets */; };
		745C4E641A7D142700812197 /* MainMenu.xib in Resources */ = {isa = PBXBuildFile; fileRef = 745C4E621A7D142700812197 /* MainMenu.xib */; };
		745C4E7B1A7D1D8500812197 /* CallbackHandler.cpp in Sources */ = {isa = PBXBuildFile; fileRef = 745C4E791A7D1D8500812197 /* CallbackHandler.cpp */; };
		7496E6D81A7E7070007A9923 /* RequestHandler.cpp in Sources */ = {isa = PBXBuildFile; fileRef = 7496E6D61A7E7070007A9923 /* RequestHandler.cpp */; };
		7496E6DB1A7E7AB7007A9923 /* File.cpp in Sources */ = {isa = PBXBuildFile; fileRef = 7496E6D91A7E7AB7007A9923 /* File.cpp */; };
		7496E6DE1A7E7ED7007A9923 /* UrlParser.cpp in Sources */ = {isa = PBXBuildFile; fileRef = 7496E6DC1A7E7ED7007A9923 /* UrlParser.cpp */; };
		7496E7091A7EB135007A9923 /* index.html in Resources */ = {isa = PBXBuildFile; fileRef = 7496E7081A7EB135007A9923 /* index.html */; };
		74C3515F1A7E6A3300FDD8AF /* Info.plist in Resources */ = {isa = PBXBuildFile; fileRef = 74C3515E1A7E6A3300FDD8AF /* Info.plist */; };
		74DE23511A7D265000762C19 /* Chromium Embedded Framework.framework in Frameworks */ = {isa = PBXBuildFile; fileRef = 745C4E7C1A7D1FCD00812197 /* Chromium Embedded Framework.framework */; };
		74E171381AA3916300772931 /* CCubedCefApp.cpp in Sources */ = {isa = PBXBuildFile; fileRef = 74E171361AA3916300772931 /* CCubedCefApp.cpp */; };
		74E1713E1AA39AE000772931 /* libmono-2.0.a in Frameworks */ = {isa = PBXBuildFile; fileRef = 74E1713D1AA39AE000772931 /* libmono-2.0.a */; };
		74E171411AA3A04600772931 /* mono in CopyFiles */ = {isa = PBXBuildFile; fileRef = 74E171401AA3A04600772931 /* mono */; };
		74E171491AA3A6F900772931 /* test.cs in Resources */ = {isa = PBXBuildFile; fileRef = 74E171481AA3A6F900772931 /* test.cs */; };
		74E1714C1AA3B10000772931 /* JSBridge.cpp in Sources */ = {isa = PBXBuildFile; fileRef = 74E1714A1AA3B10000772931 /* JSBridge.cpp */; };
		74E1714F1AA3B2AF00772931 /* test.js in Resources */ = {isa = PBXBuildFile; fileRef = 74E1714E1AA3B2AF00772931 /* test.js */; };
		74F5AB331A7E5FE700BF9D3C /* AppKit.framework in Frameworks */ = {isa = PBXBuildFile; fileRef = 290F1FBB1A7D4075002C0BE6 /* AppKit.framework */; };
		74F5AB341A7E5FE700BF9D3C /* Chromium Embedded Framework.framework in Frameworks */ = {isa = PBXBuildFile; fileRef = 745C4E7C1A7D1FCD00812197 /* Chromium Embedded Framework.framework */; };
		74F5AB351A7E5FE700BF9D3C /* libcef_dll_wrapper.a in Frameworks */ = {isa = PBXBuildFile; fileRef = 745C4E7E1A7D245A00812197 /* libcef_dll_wrapper.a */; };
		74F5AB371A7E5FE700BF9D3C /* Images.xcassets in Resources */ = {isa = PBXBuildFile; fileRef = 745C4E601A7D142600812197 /* Images.xcassets */; };
		74F5AB381A7E5FE700BF9D3C /* MainMenu.xib in Resources */ = {isa = PBXBuildFile; fileRef = 745C4E621A7D142700812197 /* MainMenu.xib */; };
		74F5AB421A7E60FB00BF9D3C /* process_helper_mac.cpp in Sources */ = {isa = PBXBuildFile; fileRef = 74F5AB411A7E60FB00BF9D3C /* process_helper_mac.cpp */; };
		74F5AB451A7E63CB00BF9D3C /* ccubed-sample Helper.app in CopyFiles */ = {isa = PBXBuildFile; fileRef = 74F5AB3E1A7E5FE700BF9D3C /* ccubed-sample Helper.app */; settings = {ATTRIBUTES = (RemoveHeadersOnCopy, ); }; };
/* End PBXBuildFile section */

/* Begin PBXCopyFilesBuildPhase section */
		74E1713F1AA3A01E00772931 /* CopyFiles */ = {
			isa = PBXCopyFilesBuildPhase;
			buildActionMask = 2147483647;
			dstPath = "";
			dstSubfolderSpec = 7;
			files = (
				74E171411AA3A04600772931 /* mono in CopyFiles */,
			);
			runOnlyForDeploymentPostprocessing = 0;
		};
		74F5AB441A7E637D00BF9D3C /* CopyFiles */ = {
			isa = PBXCopyFilesBuildPhase;
			buildActionMask = 2147483647;
			dstPath = "";
			dstSubfolderSpec = 10;
			files = (
				74F5AB451A7E63CB00BF9D3C /* ccubed-sample Helper.app in CopyFiles */,
			);
			runOnlyForDeploymentPostprocessing = 0;
		};
/* End PBXCopyFilesBuildPhase section */

/* Begin PBXFileReference section */
		290F1FB11A7D3C5C002C0BE6 /* CCubedApp.cpp */ = {isa = PBXFileReference; fileEncoding = 4; lastKnownFileType = sourcecode.cpp.cpp; path = CCubedApp.cpp; sourceTree = "<group>"; };
		290F1FB21A7D3C5C002C0BE6 /* CCubedApp.h */ = {isa = PBXFileReference; fileEncoding = 4; lastKnownFileType = sourcecode.c.h; path = CCubedApp.h; sourceTree = "<group>"; };
		290F1FBB1A7D4075002C0BE6 /* AppKit.framework */ = {isa = PBXFileReference; lastKnownFileType = wrapper.framework; name = AppKit.framework; path = System/Library/Frameworks/AppKit.framework; sourceTree = SDKROOT; };
		745C4E561A7D142600812197 /* ccubed-sample.app */ = {isa = PBXFileReference; explicitFileType = wrapper.application; includeInIndex = 0; path = "ccubed-sample.app"; sourceTree = BUILT_PRODUCTS_DIR; };
		745C4E5A1A7D142600812197 /* Info.plist */ = {isa = PBXFileReference; lastKnownFileType = text.plist.xml; path = Info.plist; sourceTree = "<group>"; };
		745C4E5B1A7D142600812197 /* AppDelegate.h */ = {isa = PBXFileReference; lastKnownFileType = sourcecode.c.h; path = AppDelegate.h; sourceTree = "<group>"; };
		745C4E5C1A7D142600812197 /* AppDelegate.mm */ = {isa = PBXFileReference; lastKnownFileType = sourcecode.cpp.objcpp; path = AppDelegate.mm; sourceTree = "<group>"; };
		745C4E5E1A7D142600812197 /* main.mm */ = {isa = PBXFileReference; lastKnownFileType = sourcecode.cpp.objcpp; path = main.mm; sourceTree = "<group>"; };
		745C4E601A7D142600812197 /* Images.xcassets */ = {isa = PBXFileReference; lastKnownFileType = folder.assetcatalog; path = Images.xcassets; sourceTree = "<group>"; };
		745C4E631A7D142700812197 /* Base */ = {isa = PBXFileReference; lastKnownFileType = file.xib; name = Base; path = Base.lproj/MainMenu.xib; sourceTree = "<group>"; };
		745C4E791A7D1D8500812197 /* CallbackHandler.cpp */ = {isa = PBXFileReference; fileEncoding = 4; lastKnownFileType = sourcecode.cpp.cpp; path = CallbackHandler.cpp; sourceTree = "<group>"; };
		745C4E7A1A7D1D8500812197 /* CallbackHandler.h */ = {isa = PBXFileReference; fileEncoding = 4; lastKnownFileType = sourcecode.c.h; path = CallbackHandler.h; sourceTree = "<group>"; };
		745C4E7C1A7D1FCD00812197 /* Chromium Embedded Framework.framework */ = {isa = PBXFileReference; lastKnownFileType = wrapper.framework; name = "Chromium Embedded Framework.framework"; path = "../../Chromium Embedded Framework.framework"; sourceTree = "<group>"; };
		745C4E7E1A7D245A00812197 /* libcef_dll_wrapper.a */ = {isa = PBXFileReference; lastKnownFileType = archive.ar; name = libcef_dll_wrapper.a; path = "../../Chromium Embedded Framework.framework/Libraries/libcef_dll_wrapper.a"; sourceTree = "<group>"; };
		7496E6D61A7E7070007A9923 /* RequestHandler.cpp */ = {isa = PBXFileReference; fileEncoding = 4; lastKnownFileType = sourcecode.cpp.cpp; path = RequestHandler.cpp; sourceTree = "<group>"; };
		7496E6D71A7E7070007A9923 /* RequestHandler.h */ = {isa = PBXFileReference; fileEncoding = 4; lastKnownFileType = sourcecode.c.h; path = RequestHandler.h; sourceTree = "<group>"; };
		7496E6D91A7E7AB7007A9923 /* File.cpp */ = {isa = PBXFileReference; fileEncoding = 4; lastKnownFileType = sourcecode.cpp.cpp; path = File.cpp; sourceTree = "<group>"; };
		7496E6DA1A7E7AB7007A9923 /* File.h */ = {isa = PBXFileReference; fileEncoding = 4; lastKnownFileType = sourcecode.c.h; path = File.h; sourceTree = "<group>"; };
		7496E6DC1A7E7ED7007A9923 /* UrlParser.cpp */ = {isa = PBXFileReference; fileEncoding = 4; lastKnownFileType = sourcecode.cpp.cpp; path = UrlParser.cpp; sourceTree = "<group>"; };
		7496E6DD1A7E7ED7007A9923 /* UrlParser.h */ = {isa = PBXFileReference; fileEncoding = 4; lastKnownFileType = sourcecode.c.h; path = UrlParser.h; sourceTree = "<group>"; };
		7496E7081A7EB135007A9923 /* index.html */ = {isa = PBXFileReference; fileEncoding = 4; lastKnownFileType = text.html; path = index.html; sourceTree = "<group>"; };
		74C3515E1A7E6A3300FDD8AF /* Info.plist */ = {isa = PBXFileReference; fileEncoding = 4; lastKnownFileType = text.plist.xml; path = Info.plist; sourceTree = "<group>"; };
		74E171361AA3916300772931 /* CCubedCefApp.cpp */ = {isa = PBXFileReference; fileEncoding = 4; lastKnownFileType = sourcecode.cpp.cpp; path = CCubedCefApp.cpp; sourceTree = "<group>"; };
		74E171371AA3916300772931 /* CCubedCefApp.h */ = {isa = PBXFileReference; fileEncoding = 4; lastKnownFileType = sourcecode.c.h; path = CCubedCefApp.h; sourceTree = "<group>"; };
		74E1713D1AA39AE000772931 /* libmono-2.0.a */ = {isa = PBXFileReference; lastKnownFileType = archive.ar; name = "libmono-2.0.a"; path = "../../../../install/mono/master/lib/libmono-2.0.a"; sourceTree = "<group>"; };
		74E171401AA3A04600772931 /* mono */ = {isa = PBXFileReference; lastKnownFileType = folder; name = mono; path = ../../mono; sourceTree = "<group>"; };
		74E171481AA3A6F900772931 /* test.cs */ = {isa = PBXFileReference; fileEncoding = 4; lastKnownFileType = text; path = test.cs; sourceTree = "<group>"; };
		74E1714A1AA3B10000772931 /* JSBridge.cpp */ = {isa = PBXFileReference; fileEncoding = 4; lastKnownFileType = sourcecode.cpp.cpp; path = JSBridge.cpp; sourceTree = "<group>"; };
		74E1714B1AA3B10000772931 /* JSBridge.h */ = {isa = PBXFileReference; fileEncoding = 4; lastKnownFileType = sourcecode.c.h; path = JSBridge.h; sourceTree = "<group>"; };
		74E1714E1AA3B2AF00772931 /* test.js */ = {isa = PBXFileReference; lastKnownFileType = sourcecode.javascript; path = test.js; sourceTree = "<group>"; };
		74F5AB3E1A7E5FE700BF9D3C /* ccubed-sample Helper.app */ = {isa = PBXFileReference; explicitFileType = wrapper.application; includeInIndex = 0; path = "ccubed-sample Helper.app"; sourceTree = BUILT_PRODUCTS_DIR; };
		74F5AB411A7E60FB00BF9D3C /* process_helper_mac.cpp */ = {isa = PBXFileReference; fileEncoding = 4; lastKnownFileType = sourcecode.cpp.cpp; name = process_helper_mac.cpp; path = "ccubed-sample_helper/process_helper_mac.cpp"; sourceTree = SOURCE_ROOT; };
/* End PBXFileReference section */

/* Begin PBXFrameworksBuildPhase section */
		745C4E531A7D142600812197 /* Frameworks */ = {
			isa = PBXFrameworksBuildPhase;
			buildActionMask = 2147483647;
			files = (
				290F1FBC1A7D4075002C0BE6 /* AppKit.framework in Frameworks */,
				74DE23511A7D265000762C19 /* Chromium Embedded Framework.framework in Frameworks */,
				290F1FB41A7D3E5D002C0BE6 /* libcef_dll_wrapper.a in Frameworks */,
				74E1713E1AA39AE000772931 /* libmono-2.0.a in Frameworks */,
			);
			runOnlyForDeploymentPostprocessing = 0;
		};
		74F5AB321A7E5FE700BF9D3C /* Frameworks */ = {
			isa = PBXFrameworksBuildPhase;
			buildActionMask = 2147483647;
			files = (
				74F5AB331A7E5FE700BF9D3C /* AppKit.framework in Frameworks */,
				74F5AB341A7E5FE700BF9D3C /* Chromium Embedded Framework.framework in Frameworks */,
				74F5AB351A7E5FE700BF9D3C /* libcef_dll_wrapper.a in Frameworks */,
			);
			runOnlyForDeploymentPostprocessing = 0;
		};
/* End PBXFrameworksBuildPhase section */

/* Begin PBXGroup section */
		745C4E4D1A7D142600812197 = {
			isa = PBXGroup;
			children = (
				74E171401AA3A04600772931 /* mono */,
				74E1713D1AA39AE000772931 /* libmono-2.0.a */,
				7496E7061A7EB135007A9923 /* tests */,
				290F1FBB1A7D4075002C0BE6 /* AppKit.framework */,
				745C4E7E1A7D245A00812197 /* libcef_dll_wrapper.a */,
				745C4E7C1A7D1FCD00812197 /* Chromium Embedded Framework.framework */,
				745C4E581A7D142600812197 /* ccubed-sample */,
				74F5AB0D1A7E5FBE00BF9D3C /* ccubed-sample_helper */,
				745C4E571A7D142600812197 /* Products */,
			);
			sourceTree = "<group>";
		};
		745C4E571A7D142600812197 /* Products */ = {
			isa = PBXGroup;
			children = (
				745C4E561A7D142600812197 /* ccubed-sample.app */,
				74F5AB3E1A7E5FE700BF9D3C /* ccubed-sample Helper.app */,
			);
			name = Products;
			sourceTree = "<group>";
		};
		745C4E581A7D142600812197 /* ccubed-sample */ = {
			isa = PBXGroup;
			children = (
				7496E6D91A7E7AB7007A9923 /* File.cpp */,
				7496E6DA1A7E7AB7007A9923 /* File.h */,
				745C4E5B1A7D142600812197 /* AppDelegate.h */,
				745C4E5C1A7D142600812197 /* AppDelegate.mm */,
				745C4E601A7D142600812197 /* Images.xcassets */,
				745C4E621A7D142700812197 /* MainMenu.xib */,
				745C4E591A7D142600812197 /* Supporting Files */,
				745C4E791A7D1D8500812197 /* CallbackHandler.cpp */,
				745C4E7A1A7D1D8500812197 /* CallbackHandler.h */,
				290F1FB11A7D3C5C002C0BE6 /* CCubedApp.cpp */,
				290F1FB21A7D3C5C002C0BE6 /* CCubedApp.h */,
				7496E6D61A7E7070007A9923 /* RequestHandler.cpp */,
				7496E6D71A7E7070007A9923 /* RequestHandler.h */,
				7496E6DC1A7E7ED7007A9923 /* UrlParser.cpp */,
				7496E6DD1A7E7ED7007A9923 /* UrlParser.h */,
				74E171361AA3916300772931 /* CCubedCefApp.cpp */,
				74E171371AA3916300772931 /* CCubedCefApp.h */,
				74E1714A1AA3B10000772931 /* JSBridge.cpp */,
				74E1714B1AA3B10000772931 /* JSBridge.h */,
			);
			path = "ccubed-sample";
			sourceTree = "<group>";
		};
		745C4E591A7D142600812197 /* Supporting Files */ = {
			isa = PBXGroup;
			children = (
				745C4E5A1A7D142600812197 /* Info.plist */,
				745C4E5E1A7D142600812197 /* main.mm */,
			);
			name = "Supporting Files";
			sourceTree = "<group>";
		};
		7496E7061A7EB135007A9923 /* tests */ = {
			isa = PBXGroup;
			children = (
				74E1714E1AA3B2AF00772931 /* test.js */,
				74E171481AA3A6F900772931 /* test.cs */,
				7496E7071A7EB135007A9923 /* SampleData */,
			);
			name = tests;
			path = ../tests;
			sourceTree = "<group>";
		};
		7496E7071A7EB135007A9923 /* SampleData */ = {
			isa = PBXGroup;
			children = (
				7496E7081A7EB135007A9923 /* index.html */,
			);
			path = SampleData;
			sourceTree = "<group>";
		};
		74F5AB0D1A7E5FBE00BF9D3C /* ccubed-sample_helper */ = {
			isa = PBXGroup;
			children = (
				74C3515E1A7E6A3300FDD8AF /* Info.plist */,
				74F5AB411A7E60FB00BF9D3C /* process_helper_mac.cpp */,
			);
			path = "ccubed-sample_helper";
			sourceTree = "<group>";
		};
/* End PBXGroup section */

/* Begin PBXNativeTarget section */
		745C4E551A7D142600812197 /* ccubed-sample */ = {
			isa = PBXNativeTarget;
			buildConfigurationList = 745C4E731A7D142700812197 /* Build configuration list for PBXNativeTarget "ccubed-sample" */;
			buildPhases = (
				745C4E521A7D142600812197 /* Sources */,
				745C4E531A7D142600812197 /* Frameworks */,
				745C4E541A7D142600812197 /* Resources */,
				74F5AB441A7E637D00BF9D3C /* CopyFiles */,
				74DE23521A7D271100762C19 /* ShellScript */,
				74F5AB071A7D440700BF9D3C /* ShellScript */,
				74F5AB431A7E612300BF9D3C /* ShellScript */,
				74E1713F1AA3A01E00772931 /* CopyFiles */,
				74E171471AA3A6A200772931 /* ShellScript */,
			);
			buildRules = (
			);
			dependencies = (
			);
			name = "ccubed-sample";
			productName = "ccubed-sample";
			productReference = 745C4E561A7D142600812197 /* ccubed-sample.app */;
			productType = "com.apple.product-type.application";
		};
		74F5AB2C1A7E5FE700BF9D3C /* ccubed-sample Helper */ = {
			isa = PBXNativeTarget;
			buildConfigurationList = 74F5AB3B1A7E5FE700BF9D3C /* Build configuration list for PBXNativeTarget "ccubed-sample Helper" */;
			buildPhases = (
				74F5AB2D1A7E5FE700BF9D3C /* Sources */,
				74F5AB321A7E5FE700BF9D3C /* Frameworks */,
				74F5AB361A7E5FE700BF9D3C /* Resources */,
				74F5AB391A7E5FE700BF9D3C /* ShellScript */,
				74F5AB3A1A7E5FE700BF9D3C /* ShellScript */,
			);
			buildRules = (
			);
			dependencies = (
			);
			name = "ccubed-sample Helper";
			productName = "ccubed-sample";
			productReference = 74F5AB3E1A7E5FE700BF9D3C /* ccubed-sample Helper.app */;
			productType = "com.apple.product-type.application";
		};
/* End PBXNativeTarget section */

/* Begin PBXProject section */
		745C4E4E1A7D142600812197 /* Project object */ = {
			isa = PBXProject;
			attributes = {
				LastUpgradeCheck = 0610;
				ORGANIZATIONNAME = "Andreia Gaita";
				TargetAttributes = {
					745C4E551A7D142600812197 = {
						CreatedOnToolsVersion = 6.1.1;
					};
				};
			};
			buildConfigurationList = 745C4E511A7D142600812197 /* Build configuration list for PBXProject "ccubed-sample" */;
			compatibilityVersion = "Xcode 3.2";
			developmentRegion = English;
			hasScannedForEncodings = 0;
			knownRegions = (
				en,
				Base,
			);
			mainGroup = 745C4E4D1A7D142600812197;
			productRefGroup = 745C4E571A7D142600812197 /* Products */;
			projectDirPath = "";
			projectRoot = "";
			targets = (
				745C4E551A7D142600812197 /* ccubed-sample */,
				74F5AB2C1A7E5FE700BF9D3C /* ccubed-sample Helper */,
			);
		};
/* End PBXProject section */

/* Begin PBXResourcesBuildPhase section */
		745C4E541A7D142600812197 /* Resources */ = {
			isa = PBXResourcesBuildPhase;
			buildActionMask = 2147483647;
			files = (
				74E1714F1AA3B2AF00772931 /* test.js in Resources */,
				7496E7091A7EB135007A9923 /* index.html in Resources */,
				745C4E611A7D142600812197 /* Images.xcassets in Resources */,
				745C4E641A7D142700812197 /* MainMenu.xib in Resources */,
				74E171491AA3A6F900772931 /* test.cs in Resources */,
			);
			runOnlyForDeploymentPostprocessing = 0;
		};
		74F5AB361A7E5FE700BF9D3C /* Resources */ = {
			isa = PBXResourcesBuildPhase;
			buildActionMask = 2147483647;
			files = (
				74F5AB371A7E5FE700BF9D3C /* Images.xcassets in Resources */,
				74F5AB381A7E5FE700BF9D3C /* MainMenu.xib in Resources */,
				74C3515F1A7E6A3300FDD8AF /* Info.plist in Resources */,
			);
			runOnlyForDeploymentPostprocessing = 0;
		};
/* End PBXResourcesBuildPhase section */

/* Begin PBXShellScriptBuildPhase section */
		74DE23521A7D271100762C19 /* ShellScript */ = {
			isa = PBXShellScriptBuildPhase;
			buildActionMask = 2147483647;
			files = (
			);
			inputPaths = (
			);
			outputPaths = (
			);
			runOnlyForDeploymentPostprocessing = 0;
			shellPath = /bin/sh;
			shellScript = "exec install_name_tool -change \"@executable_path/Chromium Embedded Framework\" \"@executable_path/../Frameworks/Chromium Embedded Framework.framework/Chromium Embedded Framework\" \"${BUILT_PRODUCTS_DIR}/${EXECUTABLE_PATH}\"\nexit 1\n";
		};
		74E171471AA3A6A200772931 /* ShellScript */ = {
			isa = PBXShellScriptBuildPhase;
			buildActionMask = 2147483647;
			files = (
			);
			inputPaths = (
				"$(SRCROOT)/../tests/test.cs",
			);
			outputPaths = (
				"${BUILT_PRODUCTS_DIR}/${PRODUCT_NAME}.app/Contents/Resources/Managed/test.dll",
			);
			runOnlyForDeploymentPostprocessing = 0;
			shellPath = /bin/sh;
			shellScript = "dmcs ${SCRIPT_INPUT_FILE_0} -target:library -out:${SCRIPT_OUTPUT_FILE_0}";
		};
		74F5AB071A7D440700BF9D3C /* ShellScript */ = {
			isa = PBXShellScriptBuildPhase;
			buildActionMask = 2147483647;
			files = (
			);
			inputPaths = (
				"$(BUILT_PRODUCTS_DIR)/$(EXECUTABLE_PATH)",
			);
			outputPaths = (
			);
			runOnlyForDeploymentPostprocessing = 0;
			shellPath = /bin/sh;
			shellScript = "exec cp -Rf \"${SRCROOT}/../../Chromium Embedded Framework.framework\" \"${BUILT_PRODUCTS_DIR}/${PRODUCT_NAME}.app/Contents/Frameworks/\"\nexit 1\n";
		};
		74F5AB391A7E5FE700BF9D3C /* ShellScript */ = {
			isa = PBXShellScriptBuildPhase;
			buildActionMask = 2147483647;
			files = (
			);
			inputPaths = (
			);
			outputPaths = (
			);
			runOnlyForDeploymentPostprocessing = 0;
			shellPath = /bin/sh;
			shellScript = "exec install_name_tool -change \"@executable_path/Chromium Embedded Framework\" \"@executable_path/../Frameworks/Chromium Embedded Framework.framework/Chromium Embedded Framework\" \"${BUILT_PRODUCTS_DIR}/${EXECUTABLE_PATH}\"\nexit 1\n";
		};
		74F5AB3A1A7E5FE700BF9D3C /* ShellScript */ = {
			isa = PBXShellScriptBuildPhase;
			buildActionMask = 2147483647;
			files = (
			);
			inputPaths = (
				"$(BUILT_PRODUCTS_DIR)/$(EXECUTABLE_PATH)",
			);
			outputPaths = (
			);
			runOnlyForDeploymentPostprocessing = 0;
			shellPath = /bin/sh;
			shellScript = "exec cp -Rf \"${SRCROOT}/../../Chromium Embedded Framework.framework\" \"${BUILT_PRODUCTS_DIR}/${PRODUCT_NAME}.app/Contents/Frameworks/\"\nexit 1\n";
		};
		74F5AB431A7E612300BF9D3C /* ShellScript */ = {
			isa = PBXShellScriptBuildPhase;
			buildActionMask = 2147483647;
			files = (
			);
			inputPaths = (
			);
			outputPaths = (
			);
			runOnlyForDeploymentPostprocessing = 0;
			shellPath = /bin/sh;
			shellScript = "exec \"${SRCROOT}/../chromium_tools/make_more_helpers.sh\" Frameworks ccubed-sample\nexit 1\n";
			showEnvVarsInLog = 0;
		};
/* End PBXShellScriptBuildPhase section */

/* Begin PBXSourcesBuildPhase section */
		745C4E521A7D142600812197 /* Sources */ = {
			isa = PBXSourcesBuildPhase;
			buildActionMask = 2147483647;
			files = (
				7496E6DE1A7E7ED7007A9923 /* UrlParser.cpp in Sources */,
				745C4E7B1A7D1D8500812197 /* CallbackHandler.cpp in Sources */,
				7496E6D81A7E7070007A9923 /* RequestHandler.cpp in Sources */,
				290F1FB31A7D3C5C002C0BE6 /* CCubedApp.cpp in Sources */,
				74E1714C1AA3B10000772931 /* JSBridge.cpp in Sources */,
				7496E6DB1A7E7AB7007A9923 /* File.cpp in Sources */,
				745C4E5F1A7D142600812197 /* main.mm in Sources */,
				74E171381AA3916300772931 /* CCubedCefApp.cpp in Sources */,
				745C4E5D1A7D142600812197 /* AppDelegate.mm in Sources */,
			);
			runOnlyForDeploymentPostprocessing = 0;
		};
		74F5AB2D1A7E5FE700BF9D3C /* Sources */ = {
			isa = PBXSourcesBuildPhase;
			buildActionMask = 2147483647;
			files = (
				74F5AB421A7E60FB00BF9D3C /* process_helper_mac.cpp in Sources */,
			);
			runOnlyForDeploymentPostprocessing = 0;
		};
/* End PBXSourcesBuildPhase section */

/* Begin PBXVariantGroup section */
		745C4E621A7D142700812197 /* MainMenu.xib */ = {
			isa = PBXVariantGroup;
			children = (
				745C4E631A7D142700812197 /* Base */,
			);
			name = MainMenu.xib;
			sourceTree = "<group>";
		};
/* End PBXVariantGroup section */

/* Begin XCBuildConfiguration section */
		745C4E711A7D142700812197 /* Debug */ = {
			isa = XCBuildConfiguration;
			buildSettings = {
				ALWAYS_SEARCH_USER_PATHS = YES;
				CLANG_CXX_LANGUAGE_STANDARD = "c++0x";
				CLANG_CXX_LIBRARY = "libstdc++";
				CLANG_ENABLE_MODULES = YES;
				CLANG_ENABLE_OBJC_ARC = YES;
				CLANG_WARN_BOOL_CONVERSION = YES;
				CLANG_WARN_CONSTANT_CONVERSION = YES;
				CLANG_WARN_DIRECT_OBJC_ISA_USAGE = YES_ERROR;
				CLANG_WARN_EMPTY_BODY = YES;
				CLANG_WARN_ENUM_CONVERSION = YES;
				CLANG_WARN_INT_CONVERSION = YES;
				CLANG_WARN_OBJC_ROOT_CLASS = YES_ERROR;
				CLANG_WARN_UNREACHABLE_CODE = YES;
				CLANG_WARN__DUPLICATE_METHOD_MATCH = YES;
				CODE_SIGN_IDENTITY = "";
				COPY_PHASE_STRIP = NO;
				ENABLE_STRICT_OBJC_MSGSEND = YES;
				GCC_C_LANGUAGE_STANDARD = c11;
				GCC_DYNAMIC_NO_PIC = NO;
				GCC_OPTIMIZATION_LEVEL = 0;
				GCC_PREPROCESSOR_DEFINITIONS = (
					"DEBUG=1",
					"$(inherited)",
				);
				GCC_SYMBOLS_PRIVATE_EXTERN = NO;
				GCC_WARN_64_TO_32_BIT_CONVERSION = YES;
				GCC_WARN_ABOUT_RETURN_TYPE = YES_ERROR;
				GCC_WARN_UNDECLARED_SELECTOR = YES;
				GCC_WARN_UNINITIALIZED_AUTOS = YES_AGGRESSIVE;
				GCC_WARN_UNUSED_FUNCTION = YES;
				GCC_WARN_UNUSED_VARIABLE = YES;
				MACOSX_DEPLOYMENT_TARGET = 10.9;
				MTL_ENABLE_DEBUG_INFO = YES;
				ONLY_ACTIVE_ARCH = YES;
				SDKROOT = macosx;
				USER_HEADER_SEARCH_PATHS = "/Users/shana/code/stuff/embedded \"/Users/shana/code/stuff/embedded/Chromium Embedded Framework.framework/Headers\"";
			};
			name = Debug;
		};
		745C4E721A7D142700812197 /* Release */ = {
			isa = XCBuildConfiguration;
			buildSettings = {
				ALWAYS_SEARCH_USER_PATHS = YES;
				CLANG_CXX_LANGUAGE_STANDARD = "c++0x";
				CLANG_CXX_LIBRARY = "libstdc++";
				CLANG_ENABLE_MODULES = YES;
				CLANG_ENABLE_OBJC_ARC = YES;
				CLANG_WARN_BOOL_CONVERSION = YES;
				CLANG_WARN_CONSTANT_CONVERSION = YES;
				CLANG_WARN_DIRECT_OBJC_ISA_USAGE = YES_ERROR;
				CLANG_WARN_EMPTY_BODY = YES;
				CLANG_WARN_ENUM_CONVERSION = YES;
				CLANG_WARN_INT_CONVERSION = YES;
				CLANG_WARN_OBJC_ROOT_CLASS = YES_ERROR;
				CLANG_WARN_UNREACHABLE_CODE = YES;
				CLANG_WARN__DUPLICATE_METHOD_MATCH = YES;
				CODE_SIGN_IDENTITY = "";
				COPY_PHASE_STRIP = YES;
				DEBUG_INFORMATION_FORMAT = "dwarf-with-dsym";
				ENABLE_NS_ASSERTIONS = NO;
				ENABLE_STRICT_OBJC_MSGSEND = YES;
				GCC_C_LANGUAGE_STANDARD = c11;
				GCC_WARN_64_TO_32_BIT_CONVERSION = YES;
				GCC_WARN_ABOUT_RETURN_TYPE = YES_ERROR;
				GCC_WARN_UNDECLARED_SELECTOR = YES;
				GCC_WARN_UNINITIALIZED_AUTOS = YES_AGGRESSIVE;
				GCC_WARN_UNUSED_FUNCTION = YES;
				GCC_WARN_UNUSED_VARIABLE = YES;
				MACOSX_DEPLOYMENT_TARGET = 10.9;
				MTL_ENABLE_DEBUG_INFO = NO;
				SDKROOT = macosx;
				USER_HEADER_SEARCH_PATHS = "/Users/shana/code/stuff/embedded \"/Users/shana/code/stuff/embedded/Chromium Embedded Framework.framework/Headers\"";
			};
			name = Release;
		};
		745C4E741A7D142700812197 /* Debug */ = {
			isa = XCBuildConfiguration;
			buildSettings = {
				ASSETCATALOG_COMPILER_APPICON_NAME = AppIcon;
				COMBINE_HIDPI_IMAGES = YES;
				FRAMEWORK_SEARCH_PATHS = (
					"$(inherited)",
					"$(SRCROOT)/../../",
				);
				HEADER_SEARCH_PATHS = (
					"$(inherited)",
					/Applications/Xcode.app/Contents/Developer/Toolchains/XcodeDefault.xctoolchain/usr/include,
					"\"$(SRCROOT)/../../mono/include/mono-2.0\"",
				);
				INFOPLIST_FILE = "ccubed-sample/Info.plist";
				LD_RUNPATH_SEARCH_PATHS = "$(inherited) @executable_path/../Frameworks";
				LIBRARY_SEARCH_PATHS = (
					"$(inherited)",
					/Users/shana/code/install/mono/master/lib,
					"\"$(SRCROOT)/../../Chromium Embedded Framework.framework/Libraries\"",
				);
				PRODUCT_NAME = "$(TARGET_NAME)";
				USER_HEADER_SEARCH_PATHS = "\"$(SRCROOT)/../../Chromium Embedded Framework.framework/Headers\"";
			};
			name = Debug;
		};
		745C4E751A7D142700812197 /* Release */ = {
			isa = XCBuildConfiguration;
			buildSettings = {
				ASSETCATALOG_COMPILER_APPICON_NAME = AppIcon;
				COMBINE_HIDPI_IMAGES = YES;
				FRAMEWORK_SEARCH_PATHS = (
					"$(inherited)",
					"$(SRCROOT)/../../",
				);
				HEADER_SEARCH_PATHS = (
					"$(inherited)",
					/Applications/Xcode.app/Contents/Developer/Toolchains/XcodeDefault.xctoolchain/usr/include,
					"\"$(SRCROOT)/../../mono/include/mono-2.0\"",
				);
				INFOPLIST_FILE = "ccubed-sample/Info.plist";
				LD_RUNPATH_SEARCH_PATHS = "$(inherited) @executable_path/../Frameworks";
				LIBRARY_SEARCH_PATHS = (
					"$(inherited)",
					/Users/shana/code/install/mono/master/lib,
					"\"$(SRCROOT)/../../Chromium Embedded Framework.framework/Libraries\"",
				);
				PRODUCT_NAME = "$(TARGET_NAME)";
				USER_HEADER_SEARCH_PATHS = "\"$(SRCROOT)/../../Chromium Embedded Framework.framework/Headers\"";
			};
			name = Release;
		};
		74F5AB3C1A7E5FE700BF9D3C /* Debug */ = {
			isa = XCBuildConfiguration;
			buildSettings = {
				ASSETCATALOG_COMPILER_APPICON_NAME = AppIcon;
				COMBINE_HIDPI_IMAGES = YES;
				FRAMEWORK_SEARCH_PATHS = (
					"$(inherited)",
					"$(SRCROOT)/../../",
				);
				INFOPLIST_FILE = "ccubed-sample_helper/Info.plist";
				LD_RUNPATH_SEARCH_PATHS = "$(inherited) @executable_path/../Frameworks";
				LIBRARY_SEARCH_PATHS = (
					"$(inherited)",
					"\"$(SRCROOT)/../../Chromium Embedded Framework.framework/Libraries\"",
				);
				PRODUCT_NAME = "ccubed-sample Helper";
				USER_HEADER_SEARCH_PATHS = "\"$(SRCROOT)/../../Chromium Embedded Framework.framework/Headers\"";
			};
			name = Debug;
		};
		74F5AB3D1A7E5FE700BF9D3C /* Release */ = {
			isa = XCBuildConfiguration;
			buildSettings = {
				ASSETCATALOG_COMPILER_APPICON_NAME = AppIcon;
				COMBINE_HIDPI_IMAGES = YES;
				FRAMEWORK_SEARCH_PATHS = (
					"$(inherited)",
					"$(SRCROOT)/../../",
				);
				INFOPLIST_FILE = "ccubed-sample_helper/Info.plist";
				LD_RUNPATH_SEARCH_PATHS = "$(inherited) @executable_path/../Frameworks";
				LIBRARY_SEARCH_PATHS = (
					"$(inherited)",
					"\"$(SRCROOT)/../../Chromium Embedded Framework.framework/Libraries\"",
				);
				PRODUCT_NAME = "ccubed-sample Helper";
				USER_HEADER_SEARCH_PATHS = "\"$(SRCROOT)/../../Chromium Embedded Framework.framework/Headers\"";
			};
			name = Release;
		};
/* End XCBuildConfiguration section */

/* Begin XCConfigurationList section */
		745C4E511A7D142600812197 /* Build configuration list for PBXProject "ccubed-sample" */ = {
			isa = XCConfigurationList;
			buildConfigurations = (
				745C4E711A7D142700812197 /* Debug */,
				745C4E721A7D142700812197 /* Release */,
			);
			defaultConfigurationIsVisible = 0;
			defaultConfigurationName = Release;
		};
		745C4E731A7D142700812197 /* Build configuration list for PBXNativeTarget "ccubed-sample" */ = {
			isa = XCConfigurationList;
			buildConfigurations = (
				745C4E741A7D142700812197 /* Debug */,
				745C4E751A7D142700812197 /* Release */,
			);
			defaultConfigurationIsVisible = 0;
			defaultConfigurationName = Release;
		};
		74F5AB3B1A7E5FE700BF9D3C /* Build configuration list for PBXNativeTarget "ccubed-sample Helper" */ = {
			isa = XCConfigurationList;
			buildConfigurations = (
				74F5AB3C1A7E5FE700BF9D3C /* Debug */,
				74F5AB3D1A7E5FE700BF9D3C /* Release */,
			);
			defaultConfigurationIsVisible = 0;
			defaultConfigurationName = Release;
		};
/* End XCConfigurationList section */
	};
	rootObject = 745C4E4E1A7D142600812197 /* Project object */;
}
